{
  "nodes": {
    "nix-deno": {
      "inputs": {
        "nixpkgs": [
          "nixpkgs"
        ]
      },
      "locked": {
        "lastModified": 1702941098,
        "narHash": "sha256-GUQd1FmPsqvchIQJ6YIVL4m9FRPkdZch0CcIMEIbZLY=",
        "owner": "nekowinston",
        "repo": "nix-deno",
        "rev": "f227cd2afe60f4458e1f3965b97c5b1259fb8c31",
        "type": "github"
      },
      "original": {
        "owner": "nekowinston",
        "repo": "nix-deno",
        "type": "github"
      }
    },
    "nixpkgs": {
      "locked": {
        "lastModified": 1705697961,
        "narHash": "sha256-XepT3WS516evSFYkme3GrcI3+7uwXHqtHbip+t24J7E=",
        "owner": "NixOS",
        "repo": "nixpkgs",
        "rev": "e5d1c87f5813afde2dda384ac807c57a105721cc",
        "type": "github"
      },
      "original": {
        "id": "nixpkgs",
        "ref": "nixpkgs-unstable",
        "type": "indirect"
      }
    },
    "root": {
      "inputs": {
        "nix-deno": "nix-deno",
        "nixpkgs": "nixpkgs"
      }
    }
  },
  "root": "root",
  "version": 7
}
